
Microsoft Visual Studio Solution File, Format Version 12.00
# Visual Studio 14
VisualStudioVersion = 14.0.25123.0
MinimumVisualStudioVersion = 10.0.40219.1
Project("{FAE04EC0-301F-11D3-BF4B-00C04F79EFBC}") = "projektUF2", "projektUF2\projektUF2.csproj", "{C52FF792-C650-4441-B412-01E011EE7E04}"
EndProject
Global
	GlobalSection(SolutionConfigurationPlatforms) = preSolution
		Debug|Any CPU = Debug|Any CPU
		Release|Any CPU = Release|Any CPU
	EndGlobalSection
	GlobalSection(ProjectConfigurationPlatforms) = postSolution
		{C52FF792-C650-4441-B412-01E011EE7E04}.Debug|Any CPU.ActiveCfg = Debug|Any CPU
		{C52FF792-C650-4441-B412-01E011EE7E04}.Debug|Any CPU.Build.0 = Debug|Any CPU
		{C52FF792-C650-4441-B412-01E011EE7E04}.Release|Any CPU.ActiveCfg = Release|Any CPU
		{C52FF792-C650-4441-B412-01E011EE7E04}.Release|Any CPU.Build.0 = Release|Any CPU
	EndGlobalSection
	GlobalSection(SolutionProperties) = preSolution
		HideSolutionNode = FALSE
	EndGlobalSection
EndGlobal
